// !$*UTF8*$!
{
	archiveVersion = 1;
	classes = {
	};
	objectVersion = 56;
	objects = {

/* Begin PBXBuildFile section */
		D8816A2D2C383FBE008E8276 /* HomeView.swift in Sources */ = {isa = PBXBuildFile; fileRef = D8816A2C2C383FBE008E8276 /* HomeView.swift */; };
		D8816A2F2C3840B1008E8276 /* SavingsView.swift in Sources */ = {isa = PBXBuildFile; fileRef = D8816A2E2C3840B1008E8276 /* SavingsView.swift */; };
		D8816A312C3840B9008E8276 /* CreditView.swift in Sources */ = {isa = PBXBuildFile; fileRef = D8816A302C3840B9008E8276 /* CreditView.swift */; };
		D8816A332C3840C0008E8276 /* StocksView.swift in Sources */ = {isa = PBXBuildFile; fileRef = D8816A322C3840C0008E8276 /* StocksView.swift */; };
		D8816A352C3841AD008E8276 /* ProfileView.swift in Sources */ = {isa = PBXBuildFile; fileRef = D8816A342C3841AD008E8276 /* ProfileView.swift */; };
		D881FB322C338E32007B8281 /* BankingAppApp.swift in Sources */ = {isa = PBXBuildFile; fileRef = D881FB312C338E32007B8281 /* BankingAppApp.swift */; };
		D881FB342C338E32007B8281 /* ContentView.swift in Sources */ = {isa = PBXBuildFile; fileRef = D881FB332C338E32007B8281 /* ContentView.swift */; };
		D881FB362C338E34007B8281 /* Assets.xcassets in Resources */ = {isa = PBXBuildFile; fileRef = D881FB352C338E34007B8281 /* Assets.xcassets */; };
		D881FB392C338E34007B8281 /* Preview Assets.xcassets in Resources */ = {isa = PBXBuildFile; fileRef = D881FB382C338E34007B8281 /* Preview Assets.xcassets */; };
/* End PBXBuildFile section */

/* Begin PBXFileReference section */
		D8816A2C2C383FBE008E8276 /* HomeView.swift */ = {isa = PBXFileReference; lastKnownFileType = sourcecode.swift; path = HomeView.swift; sourceTree = "<group>"; };
		D8816A2E2C3840B1008E8276 /* SavingsView.swift */ = {isa = PBXFileReference; lastKnownFileType = sourcecode.swift; path = SavingsView.swift; sourceTree = "<group>"; };
		D8816A302C3840B9008E8276 /* CreditView.swift */ = {isa = PBXFileReference; lastKnownFileType = sourcecode.swift; path = CreditView.swift; sourceTree = "<group>"; };
		D8816A322C3840C0008E8276 /* StocksView.swift */ = {isa = PBXFileReference; lastKnownFileType = sourcecode.swift; path = StocksView.swift; sourceTree = "<group>"; };
		D8816A342C3841AD008E8276 /* ProfileView.swift */ = {isa = PBXFileReference; lastKnownFileType = sourcecode.swift; path = ProfileView.swift; sourceTree = "<group>"; };
		D881FB2E2C338E32007B8281 /* BankingApp.app */ = {isa = PBXFileReference; explicitFileType = wrapper.application; includeInIndex = 0; path = BankingApp.app; sourceTree = BUILT_PRODUCTS_DIR; };
		D881FB312C338E32007B8281 /* BankingAppApp.swift */ = {isa = PBXFileReference; lastKnownFileType = sourcecode.swift; path = BankingAppApp.swift; sourceTree = "<group>"; };
		D881FB332C338E32007B8281 /* ContentView.swift */ = {isa = PBXFileReference; lastKnownFileType = sourcecode.swift; path = ContentView.swift; sourceTree = "<group>"; };
		D881FB352C338E34007B8281 /* Assets.xcassets */ = {isa = PBXFileReference; lastKnownFileType = folder.assetcatalog; path = Assets.xcassets; sourceTree = "<group>"; };
		D881FB382C338E34007B8281 /* Preview Assets.xcassets */ = {isa = PBXFileReference; lastKnownFileType = folder.assetcatalog; path = "Preview Assets.xcassets"; sourceTree = "<group>"; };
/* End PBXFileReference section */

/* Begin PBXFrameworksBuildPhase section */
		D881FB2B2C338E32007B8281 /* Frameworks */ = {
			isa = PBXFrameworksBuildPhase;
			buildActionMask = 2147483647;
			files = (
			);
			runOnlyForDeploymentPostprocessing = 0;
		};
/* End PBXFrameworksBuildPhase section */

/* Begin PBXGroup section */
		D881FB252C338E32007B8281 = {
			isa = PBXGroup;
			children = (
				D881FB302C338E32007B8281 /* BankingApp */,
				D881FB2F2C338E32007B8281 /* Products */,
			);
			sourceTree = "<group>";
		};
		D881FB2F2C338E32007B8281 /* Products */ = {
			isa = PBXGroup;
			children = (
				D881FB2E2C338E32007B8281 /* BankingApp.app */,
			);
			name = Products;
			sourceTree = "<group>";
		};
		D881FB302C338E32007B8281 /* BankingApp */ = {
			isa = PBXGroup;
			children = (
				D881FB312C338E32007B8281 /* BankingAppApp.swift */,
				D881FB332C338E32007B8281 /* ContentView.swift */,
				D8816A342C3841AD008E8276 /* ProfileView.swift */,
				D8816A2C2C383FBE008E8276 /* HomeView.swift */,
				D8816A2E2C3840B1008E8276 /* SavingsView.swift */,
				D8816A302C3840B9008E8276 /* CreditView.swift */,
				D8816A322C3840C0008E8276 /* StocksView.swift */,
				D881FB352C338E34007B8281 /* Assets.xcassets */,
				D881FB372C338E34007B8281 /* Preview Content */,
			);
			path = BankingApp;
			sourceTree = "<group>";
		};
		D881FB372C338E34007B8281 /* Preview Content */ = {
			isa = PBXGroup;
			children = (
				D881FB382C338E34007B8281 /* Preview Assets.xcassets */,
			);
			path = "Preview Content";
			sourceTree = "<group>";
		};
/* End PBXGroup section */

/* Begin PBXNativeTarget section */
		D881FB2D2C338E32007B8281 /* BankingApp */ = {
			isa = PBXNativeTarget;
			buildConfigurationList = D881FB3C2C338E34007B8281 /* Build configuration list for PBXNativeTarget "BankingApp" */;
			buildPhases = (
				D881FB2A2C338E32007B8281 /* Sources */,
				D881FB2B2C338E32007B8281 /* Frameworks */,
				D881FB2C2C338E32007B8281 /* Resources */,
			);
			buildRules = (
			);
			dependencies = (
			);
			name = BankingApp;
			productName = BankingApp;
			productReference = D881FB2E2C338E32007B8281 /* BankingApp.app */;
			productType = "com.apple.product-type.application";
		};
/* End PBXNativeTarget section */

/* Begin PBXProject section */
		D881FB262C338E32007B8281 /* Project object */ = {
			isa = PBXProject;
			attributes = {
				BuildIndependentTargetsInParallel = 1;
				LastSwiftUpdateCheck = 1540;
				LastUpgradeCheck = 1540;
				TargetAttributes = {
					D881FB2D2C338E32007B8281 = {
						CreatedOnToolsVersion = 15.4;
					};
				};
			};
			buildConfigurationList = D881FB292C338E32007B8281 /* Build configuration list for PBXProject "BankingApp" */;
			compatibilityVersion = "Xcode 14.0";
			developmentRegion = en;
			hasScannedForEncodings = 0;
			knownRegions = (
				en,
				Base,
			);
			mainGroup = D881FB252C338E32007B8281;
			productRefGroup = D881FB2F2C338E32007B8281 /* Products */;
			projectDirPath = "";
			projectRoot = "";
			targets = (
				D881FB2D2C338E32007B8281 /* BankingApp */,
			);
		};
/* End PBXProject section */

/* Begin PBXResourcesBuildPhase section */
		D881FB2C2C338E32007B8281 /* Resources */ = {
			isa = PBXResourcesBuildPhase;
			buildActionMask = 2147483647;
			files = (
				D881FB392C338E34007B8281 /* Preview Assets.xcassets in Resources */,
				D881FB362C338E34007B8281 /* Assets.xcassets in Resources */,
			);
			runOnlyForDeploymentPostprocessing = 0;
		};
/* End PBXResourcesBuildPhase section */

/* Begin PBXSourcesBuildPhase section */
		D881FB2A2C338E32007B8281 /* Sources */ = {
			isa = PBXSourcesBuildPhase;
			buildActionMask = 2147483647;
			files = (
				D8816A2D2C383FBE008E8276 /* HomeView.swift in Sources */,
				D881FB342C338E32007B8281 /* ContentView.swift in Sources */,
				D8816A2F2C3840B1008E8276 /* SavingsView.swift in Sources */,
				D8816A332C3840C0008E8276 /* StocksView.swift in Sources */,
				D881FB322C338E32007B8281 /* BankingAppApp.swift in Sources */,
				D8816A352C3841AD008E8276 /* ProfileView.swift in Sources */,
				D8816A312C3840B9008E8276 /* CreditView.swift in Sources */,
			);
			runOnlyForDeploymentPostprocessing = 0;
		};
/* End PBXSourcesBuildPhase section */

/* Begin XCBuildConfiguration section */
		D881FB3A2C338E34007B8281 /* Debug */ = {
			isa = XCBuildConfiguration;
			buildSettings = {
				ALWAYS_SEARCH_USER_PATHS = NO;
				ASSETCATALOG_COMPILER_GENERATE_SWIFT_ASSET_SYMBOL_EXTENSIONS = YES;
				CLANG_ANALYZER_NONNULL = YES;
				CLANG_ANALYZER_NUMBER_OBJECT_CONVERSION = YES_AGGRESSIVE;
				CLANG_CXX_LANGUAGE_STANDARD = "gnu++20";
				CLANG_ENABLE_MODULES = YES;
				CLANG_ENABLE_OBJC_ARC = YES;
				CLANG_ENABLE_OBJC_WEAK = YES;
				CLANG_WARN_BLOCK_CAPTURE_AUTORELEASING = YES;
				CLANG_WARN_BOOL_CONVERSION = YES;
				CLANG_WARN_COMMA = YES;
				CLANG_WARN_CONSTANT_CONVERSION = YES;
				CLANG_WARN_DEPRECATED_OBJC_IMPLEMENTATIONS = YES;
				CLANG_WARN_DIRECT_OBJC_ISA_USAGE = YES_ERROR;
				CLANG_WARN_DOCUMENTATION_COMMENTS = YES;
				CLANG_WARN_EMPTY_BODY = YES;
				CLANG_WARN_ENUM_CONVERSION = YES;
				CLANG_WARN_INFINITE_RECURSION = YES;
				CLANG_WARN_INT_CONVERSION = YES;
				CLANG_WARN_NON_LITERAL_NULL_CONVERSION = YES;
				CLANG_WARN_OBJC_IMPLICIT_RETAIN_SELF = YES;
				CLANG_WARN_OBJC_LITERAL_CONVERSION = YES;
				CLANG_WARN_OBJC_ROOT_CLASS = YES_ERROR;
				CLANG_WARN_QUOTED_INCLUDE_IN_FRAMEWORK_HEADER = YES;
				CLANG_WARN_RANGE_LOOP_ANALYSIS = YES;
				CLANG_WARN_STRICT_PROTOTYPES = YES;
				CLANG_WARN_SUSPICIOUS_MOVE = YES;
				CLANG_WARN_UNGUARDED_AVAILABILITY = YES_AGGRESSIVE;
				CLANG_WARN_UNREACHABLE_CODE = YES;
				CLANG_WARN__DUPLICATE_METHOD_MATCH = YES;
				COPY_PHASE_STRIP = NO;
				DEBUG_INFORMATION_FORMAT = dwarf;
				ENABLE_STRICT_OBJC_MSGSEND = YES;
				ENABLE_TESTABILITY = YES;
				ENABLE_USER_SCRIPT_SANDBOXING = YES;
				GCC_C_LANGUAGE_STANDARD = gnu17;
				GCC_DYNAMIC_NO_PIC = NO;
				GCC_NO_COMMON_BLOCKS = YES;
				GCC_OPTIMIZATION_LEVEL = 0;
				GCC_PREPROCESSOR_DEFINITIONS = (
					"DEBUG=1",
					"$(inherited)",
				);
				GCC_WARN_64_TO_32_BIT_CONVERSION = YES;
				GCC_WARN_ABOUT_RETURN_TYPE = YES_ERROR;
				GCC_WARN_UNDECLARED_SELECTOR = YES;
				GCC_WARN_UNINITIALIZED_AUTOS = YES_AGGRESSIVE;
				GCC_WARN_UNUSED_FUNCTION = YES;
				GCC_WARN_UNUSED_VARIABLE = YES;
				IPHONEOS_DEPLOYMENT_TARGET = 17.5;
				LOCALIZATION_PREFERS_STRING_CATALOGS = YES;
				MTL_ENABLE_DEBUG_INFO = INCLUDE_SOURCE;
				MTL_FAST_MATH = YES;
				ONLY_ACTIVE_ARCH = YES;
				SDKROOT = iphoneos;
				SWIFT_ACTIVE_COMPILATION_CONDITIONS = "DEBUG $(inherited)";
				SWIFT_OPTIMIZATION_LEVEL = "-Onone";
			};
			name = Debug;
		};
		D881FB3B2C338E34007B8281 /* Release */ = {
			isa = XCBuildConfiguration;
			buildSettings = {
				ALWAYS_SEARCH_USER_PATHS = NO;
				ASSETCATALOG_COMPILER_GENERATE_SWIFT_ASSET_SYMBOL_EXTENSIONS = YES;
				CLANG_ANALYZER_NONNULL = YES;
				CLANG_ANALYZER_NUMBER_OBJECT_CONVERSION = YES_AGGRESSIVE;
				CLANG_CXX_LANGUAGE_STANDARD = "gnu++20";
				CLANG_ENABLE_MODULES = YES;
				CLANG_ENABLE_OBJC_ARC = YES;
				CLANG_ENABLE_OBJC_WEAK = YES;
				CLANG_WARN_BLOCK_CAPTURE_AUTORELEASING = YES;
				CLANG_WARN_BOOL_CONVERSION = YES;
				CLANG_WARN_COMMA = YES;
				CLANG_WARN_CONSTANT_CONVERSION = YES;
				CLANG_WARN_DEPRECATED_OBJC_IMPLEMENTATIONS = YES;
				CLANG_WARN_DIRECT_OBJC_ISA_USAGE = YES_ERROR;
				CLANG_WARN_DOCUMENTATION_COMMENTS = YES;
				CLANG_WARN_EMPTY_BODY = YES;
				CLANG_WARN_ENUM_CONVERSION = YES;
				CLANG_WARN_INFINITE_RECURSION = YES;
				CLANG_WARN_INT_CONVERSION = YES;
				CLANG_WARN_NON_LITERAL_NULL_CONVERSION = YES;
				CLANG_WARN_OBJC_IMPLICIT_RETAIN_SELF = YES;
				CLANG_WARN_OBJC_LITERAL_CONVERSION = YES;
				CLANG_WARN_OBJC_ROOT_CLASS = YES_ERROR;
				CLANG_WARN_QUOTED_INCLUDE_IN_FRAMEWORK_HEADER = YES;
				CLANG_WARN_RANGE_LOOP_ANALYSIS = YES;
				CLANG_WARN_STRICT_PROTOTYPES = YES;
				CLANG_WARN_SUSPICIOUS_MOVE = YES;
				CLANG_WARN_UNGUARDED_AVAILABILITY = YES_AGGRESSIVE;
				CLANG_WARN_UNREACHABLE_CODE = YES;
				CLANG_WARN__DUPLICATE_METHOD_MATCH = YES;
				COPY_PHASE_STRIP = NO;
				DEBUG_INFORMATION_FORMAT = "dwarf-with-dsym";
				ENABLE_NS_ASSERTIONS = NO;
				ENABLE_STRICT_OBJC_MSGSEND = YES;
				ENABLE_USER_SCRIPT_SANDBOXING = YES;
				GCC_C_LANGUAGE_STANDARD = gnu17;
				GCC_NO_COMMON_BLOCKS = YES;
				GCC_WARN_64_TO_32_BIT_CONVERSION = YES;
				GCC_WARN_ABOUT_RETURN_TYPE = YES_ERROR;
				GCC_WARN_UNDECLARED_SELECTOR = YES;
				GCC_WARN_UNINITIALIZED_AUTOS = YES_AGGRESSIVE;
				GCC_WARN_UNUSED_FUNCTION = YES;
				GCC_WARN_UNUSED_VARIABLE = YES;
				IPHONEOS_DEPLOYMENT_TARGET = 17.5;
				LOCALIZATION_PREFERS_STRING_CATALOGS = YES;
				MTL_ENABLE_DEBUG_INFO = NO;
				MTL_FAST_MATH = YES;
				SDKROOT = iphoneos;
				SWIFT_COMPILATION_MODE = wholemodule;
				VALIDATE_PRODUCT = YES;
			};
			name = Release;
		};
		D881FB3D2C338E34007B8281 /* Debug */ = {
			isa = XCBuildConfiguration;
			buildSettings = {
				ASSETCATALOG_COMPILER_APPICON_NAME = AppIcon;
				ASSETCATALOG_COMPILER_GLOBAL_ACCENT_COLOR_NAME = AccentColor;
				CODE_SIGN_STYLE = Automatic;
				CURRENT_PROJECT_VERSION = 1;
				DEVELOPMENT_ASSET_PATHS = "\"BankingApp/Preview Content\"";
				DEVELOPMENT_TEAM = 8B9ZM55WWV;
				ENABLE_PREVIEWS = YES;
				GENERATE_INFOPLIST_FILE = YES;
				INFOPLIST_KEY_UIApplicationSceneManifest_Generation = YES;
				INFOPLIST_KEY_UIApplicationSupportsIndirectInputEvents = YES;
				INFOPLIST_KEY_UILaunchScreen_Generation = YES;
				INFOPLIST_KEY_UISupportedInterfaceOrientations_iPad = "UIInterfaceOrientationPortrait UIInterfaceOrientationPortraitUpsideDown UIInterfaceOrientationLandscapeLeft UIInterfaceOrientationLandscapeRight";
				INFOPLIST_KEY_UISupportedInterfaceOrientations_iPhone = "UIInterfaceOrientationPortrait UIInterfaceOrientationLandscapeLeft UIInterfaceOrientationLandscapeRight";
				LD_RUNPATH_SEARCH_PATHS = (
					"$(inherited)",
					"@executable_path/Frameworks",
				);
				MARKETING_VERSION = 1.0;
				PRODUCT_BUNDLE_IDENTIFIER = ios.am.fiu.edu.BankingApp;
				PRODUCT_NAME = "$(TARGET_NAME)";
				SWIFT_EMIT_LOC_STRINGS = YES;
				SWIFT_VERSION = 5.0;
				TARGETED_DEVICE_FAMILY = "1,2";
			};
			name = Debug;
		};
		D881FB3E2C338E34007B8281 /* Release */ = {
			isa = XCBuildConfiguration;
			buildSettings = {
				ASSETCATALOG_COMPILER_APPICON_NAME = AppIcon;
				ASSETCATALOG_COMPILER_GLOBAL_ACCENT_COLOR_NAME = AccentColor;
				CODE_SIGN_STYLE = Automatic;
				CURRENT_PROJECT_VERSION = 1;
				DEVELOPMENT_ASSET_PATHS = "\"BankingApp/Preview Content\"";
				DEVELOPMENT_TEAM = 8B9ZM55WWV;
				ENABLE_PREVIEWS = YES;
				GENERATE_INFOPLIST_FILE = YES;
				INFOPLIST_KEY_UIApplicationSceneManifest_Generation = YES;
				INFOPLIST_KEY_UIApplicationSupportsIndirectInputEvents = YES;
				INFOPLIST_KEY_UILaunchScreen_Generation = YES;
				INFOPLIST_KEY_UISupportedInterfaceOrientations_iPad = "UIInterfaceOrientationPortrait UIInterfaceOrientationPortraitUpsideDown UIInterfaceOrientationLandscapeLeft UIInterfaceOrientationLandscapeRight";
				INFOPLIST_KEY_UISupportedInterfaceOrientations_iPhone = "UIInterfaceOrientationPortrait UIInterfaceOrientationLandscapeLeft UIInterfaceOrientationLandscapeRight";
				LD_RUNPATH_SEARCH_PATHS = (
					"$(inherited)",
					"@executable_path/Frameworks",
				);
				MARKETING_VERSION = 1.0;
				PRODUCT_BUNDLE_IDENTIFIER = ios.am.fiu.edu.BankingApp;
				PRODUCT_NAME = "$(TARGET_NAME)";
				SWIFT_EMIT_LOC_STRINGS = YES;
				SWIFT_VERSION = 5.0;
				TARGETED_DEVICE_FAMILY = "1,2";
			};
			name = Release;
		};
/* End XCBuildConfiguration section */

/* Begin XCConfigurationList section */
		D881FB292C338E32007B8281 /* Build configuration list for PBXProject "BankingApp" */ = {
			isa = XCConfigurationList;
			buildConfigurations = (
				D881FB3A2C338E34007B8281 /* Debug */,
				D881FB3B2C338E34007B8281 /* Release */,
			);
			defaultConfigurationIsVisible = 0;
			defaultConfigurationName = Release;
		};
		D881FB3C2C338E34007B8281 /* Build configuration list for PBXNativeTarget "BankingApp" */ = {
			isa = XCConfigurationList;
			buildConfigurations = (
				D881FB3D2C338E34007B8281 /* Debug */,
				D881FB3E2C338E34007B8281 /* Release */,
			);
			defaultConfigurationIsVisible = 0;
			defaultConfigurationName = Release;
		};
/* End XCConfigurationList section */
	};
	rootObject = D881FB262C338E32007B8281 /* Project object */;
}
